
Microsoft Visual Studio Solution File, Format Version 12.00
# Visual Studio Version 17
VisualStudioVersion = 17.9.34902.65
MinimumVisualStudioVersion = 10.0.40219.1
Project("{FAE04EC0-301F-11D3-BF4B-00C04F79EFBC}") = "LearningDeveloperTest", "LearningDeveloperTest\LearningDeveloperTest.csproj", "{28AD6834-067B-4728-8F91-3FCDBA4BCD93}"
EndProject
Global
	GlobalSection(SolutionConfigurationPlatforms) = preSolution
		Debug|Any CPU = Debug|Any CPU
		Release|Any CPU = Release|Any CPU
	EndGlobalSection
	GlobalSection(ProjectConfigurationPlatforms) = postSolution
		{28AD6834-067B-4728-8F91-3FCDBA4BCD93}.Debug|Any CPU.ActiveCfg = Debug|Any CPU
		{28AD6834-067B-4728-8F91-3FCDBA4BCD93}.Debug|Any CPU.Build.0 = Debug|Any CPU
		{28AD6834-067B-4728-8F91-3FCDBA4BCD93}.Release|Any CPU.ActiveCfg = Release|Any CPU
		{28AD6834-067B-4728-8F91-3FCDBA4BCD93}.Release|Any CPU.Build.0 = Release|Any CPU
	EndGlobalSection
	GlobalSection(SolutionProperties) = preSolution
		HideSolutionNode = FALSE
	EndGlobalSection
	GlobalSection(ExtensibilityGlobals) = postSolution
		SolutionGuid = {28CDDB80-A2AD-4D5F-9B44-3C302880F52F}
	EndGlobalSection
EndGlobal
